{
  "name": "editing-with-dataRowTemplate",
  "lockfileVersion": 3,
  "requires": true,
  "packages": {
    "": {
      "dependencies": {
        "eslint-plugin-spellcheck": "^0.0.20"
      }
    },
    "node_modules/eslint-plugin-spellcheck": {
      "version": "0.0.20",
      "resolved": "https://registry.npmjs.org/eslint-plugin-spellcheck/-/eslint-plugin-spellcheck-0.0.20.tgz",
      "integrity": "sha512-GJa6vgzWAYqe0elKADAsiBRrhvqBnKyt7tpFSqlCZJsK2W9+K80oMyHhKolA7vJ13H5RCGs5/KCN+mKUyKoAiA==",
      "dependencies": {
        "globals": "^13.0.0",
        "hunspell-spellchecker": "^1.0.2",
        "lodash": "^4.17.15"
      },
      "peerDependencies": {
        "eslint": ">=0.8.0"
      }
    },
    "node_modules/globals": {
      "version": "13.21.0",
      "resolved": "https://registry.npmjs.org/globals/-/globals-13.21.0.tgz",
      "integrity": "sha512-ybyme3s4yy/t/3s35bewwXKOf7cvzfreG2lH0lZl0JB7I4GxRP2ghxOK/Nb9EkRXdbBXZLfq/p/0W2JUONB/Gg==",
      "dependencies": {
        "type-fest": "^0.20.2"
      },
      "engines": {
        "node": ">=8"
      },
      "funding": {
        "url": "https://github.com/sponsors/sindresorhus"
      }
    },
    "node_modules/hunspell-spellchecker": {
      "version": "1.0.2",
      "resolved": "https://registry.npmjs.org/hunspell-spellchecker/-/hunspell-spellchecker-1.0.2.tgz",
      "integrity": "sha512-4DwmFAvlz+ChsqLDsZT2cwBsYNXh+oWboemxXtafwKIyItq52xfR4e4kr017sLAoPaSYVofSOvPUfmOAhXyYvw==",
      "bin": {
        "hunspell-tojson": "bin/hunspell-tojson.js"
      }
    },
    "node_modules/lodash": {
      "version": "4.17.21",
      "resolved": "https://registry.npmjs.org/lodash/-/lodash-4.17.21.tgz",
      "integrity": "sha512-v2kDEe57lecTulaDIuNTPy3Ry4gLGJ6Z1O3vE1krgXZNrsQ+LFTGHVxVjcXPs17LhbZVGedAJv8XZ1tvj5FvSg=="
    },
    "node_modules/type-fest": {
      "version": "0.20.2",
      "resolved": "https://registry.npmjs.org/type-fest/-/type-fest-0.20.2.tgz",
      "integrity": "sha512-Ne+eE4r0/iWnpAxD852z3A+N0Bt5RN//NjJwRd2VFHEmrywxf5vsZlh4R6lixl6B+wz/8d+maTSAkN1FIkI3LQ==",
      "engines": {
        "node": ">=10"
      },
      "funding": {
        "url": "https://github.com/sponsors/sindresorhus"
      }
    }
  }
}
